
Microsoft Visual Studio Solution File, Format Version 12.00
# Visual Studio 15
VisualStudioVersion = 15.0.28010.2046
MinimumVisualStudioVersion = 10.0.40219.1
Project("{8BC9CEB8-8B4A-11D0-8D11-00A0C91BC942}") = "task 2", "task 2\task 2.vcxproj", "{BB7B2693-E6A4-4D6E-848E-9E7B1AD7B247}"
EndProject
Global
	GlobalSection(SolutionConfigurationPlatforms) = preSolution
		Debug|x64 = Debug|x64
		Debug|x86 = Debug|x86
		Release|x64 = Release|x64
		Release|x86 = Release|x86
	EndGlobalSection
	GlobalSection(ProjectConfigurationPlatforms) = postSolution
		{BB7B2693-E6A4-4D6E-848E-9E7B1AD7B247}.Debug|x64.ActiveCfg = Debug|x64
		{BB7B2693-E6A4-4D6E-848E-9E7B1AD7B247}.Debug|x64.Build.0 = Debug|x64
		{BB7B2693-E6A4-4D6E-848E-9E7B1AD7B247}.Debug|x86.ActiveCfg = Debug|Win32
		{BB7B2693-E6A4-4D6E-848E-9E7B1AD7B247}.Debug|x86.Build.0 = Debug|Win32
		{BB7B2693-E6A4-4D6E-848E-9E7B1AD7B247}.Release|x64.ActiveCfg = Release|x64
		{BB7B2693-E6A4-4D6E-848E-9E7B1AD7B247}.Release|x64.Build.0 = Release|x64
		{BB7B2693-E6A4-4D6E-848E-9E7B1AD7B247}.Release|x86.ActiveCfg = Release|Win32
		{BB7B2693-E6A4-4D6E-848E-9E7B1AD7B247}.Release|x86.Build.0 = Release|Win32
	EndGlobalSection
	GlobalSection(SolutionProperties) = preSolution
		HideSolutionNode = FALSE
	EndGlobalSection
	GlobalSection(ExtensibilityGlobals) = postSolution
		SolutionGuid = {AFEA0346-7BA2-4355-8A8E-D557BBC53FC1}
	EndGlobalSection
EndGlobal
